
Microsoft Visual Studio Solution File, Format Version 12.00
# Visual Studio Version 17
VisualStudioVersion = 17.8.34525.116
MinimumVisualStudioVersion = 10.0.40219.1
Project("{FAE04EC0-301F-11D3-BF4B-00C04F79EFBC}") = "WithOpenApiIssue", "WithOpenApiIssue\WithOpenApiIssue.csproj", "{288C60D6-C627-4BB3-9A38-1B4CC044DE6C}"
EndProject
Global
	GlobalSection(SolutionConfigurationPlatforms) = preSolution
		Debug|Any CPU = Debug|Any CPU
		Release|Any CPU = Release|Any CPU
	EndGlobalSection
	GlobalSection(ProjectConfigurationPlatforms) = postSolution
		{288C60D6-C627-4BB3-9A38-1B4CC044DE6C}.Debug|Any CPU.ActiveCfg = Debug|Any CPU
		{288C60D6-C627-4BB3-9A38-1B4CC044DE6C}.Debug|Any CPU.Build.0 = Debug|Any CPU
		{288C60D6-C627-4BB3-9A38-1B4CC044DE6C}.Release|Any CPU.ActiveCfg = Release|Any CPU
		{288C60D6-C627-4BB3-9A38-1B4CC044DE6C}.Release|Any CPU.Build.0 = Release|Any CPU
	EndGlobalSection
	GlobalSection(SolutionProperties) = preSolution
		HideSolutionNode = FALSE
	EndGlobalSection
	GlobalSection(ExtensibilityGlobals) = postSolution
		SolutionGuid = {86EC123B-9718-4EAE-83B9-35A6449CB1C6}
	EndGlobalSection
EndGlobal
